
Microsoft Visual Studio Solution File, Format Version 12.00
# Visual Studio 15
VisualStudioVersion = 15.0.27004.2010
MinimumVisualStudioVersion = 10.0.40219.1
Project("{FAE04EC0-301F-11D3-BF4B-00C04F79EFBC}") = "AcordesGuitarra", "AcordesGuitarra\AcordesGuitarra.csproj", "{F8018B3F-1EBC-49E2-9D29-CE3D3DC4BCDE}"
EndProject
Global
	GlobalSection(SolutionConfigurationPlatforms) = preSolution
		Debug|Any CPU = Debug|Any CPU
		Release|Any CPU = Release|Any CPU
	EndGlobalSection
	GlobalSection(ProjectConfigurationPlatforms) = postSolution
		{F8018B3F-1EBC-49E2-9D29-CE3D3DC4BCDE}.Debug|Any CPU.ActiveCfg = Debug|Any CPU
		{F8018B3F-1EBC-49E2-9D29-CE3D3DC4BCDE}.Debug|Any CPU.Build.0 = Debug|Any CPU
		{F8018B3F-1EBC-49E2-9D29-CE3D3DC4BCDE}.Release|Any CPU.ActiveCfg = Release|Any CPU
		{F8018B3F-1EBC-49E2-9D29-CE3D3DC4BCDE}.Release|Any CPU.Build.0 = Release|Any CPU
	EndGlobalSection
	GlobalSection(SolutionProperties) = preSolution
		HideSolutionNode = FALSE
	EndGlobalSection
	GlobalSection(ExtensibilityGlobals) = postSolution
		SolutionGuid = {9A1F15EC-3BEA-4D26-8DF4-F0D81BD913B2}
	EndGlobalSection
EndGlobal
